
Microsoft Visual Studio Solution File, Format Version 12.00
# Visual Studio Version 17
VisualStudioVersion = 17.11.35312.102
MinimumVisualStudioVersion = 10.0.40219.1
Project("{FAE04EC0-301F-11D3-BF4B-00C04F79EFBC}") = "Turnero", "Turnero\Turnero.csproj", "{1E21EACA-438A-4BBF-AC59-6BD5B0588662}"
EndProject
Global
	GlobalSection(SolutionConfigurationPlatforms) = preSolution
		Debug|Any CPU = Debug|Any CPU
		Release|Any CPU = Release|Any CPU
	EndGlobalSection
	GlobalSection(ProjectConfigurationPlatforms) = postSolution
		{1E21EACA-438A-4BBF-AC59-6BD5B0588662}.Debug|Any CPU.ActiveCfg = Debug|Any CPU
		{1E21EACA-438A-4BBF-AC59-6BD5B0588662}.Debug|Any CPU.Build.0 = Debug|Any CPU
		{1E21EACA-438A-4BBF-AC59-6BD5B0588662}.Release|Any CPU.ActiveCfg = Release|Any CPU
		{1E21EACA-438A-4BBF-AC59-6BD5B0588662}.Release|Any CPU.Build.0 = Release|Any CPU
	EndGlobalSection
	GlobalSection(SolutionProperties) = preSolution
		HideSolutionNode = FALSE
	EndGlobalSection
	GlobalSection(ExtensibilityGlobals) = postSolution
		SolutionGuid = {5567CC98-E2FD-4451-A19A-1F9BCAE88466}
	EndGlobalSection
EndGlobal
